
Microsoft Visual Studio Solution File, Format Version 12.00
# Visual Studio 15
VisualStudioVersion = 15.0.28010.2003
MinimumVisualStudioVersion = 10.0.40219.1
Project("{FAE04EC0-301F-11D3-BF4B-00C04F79EFBC}") = "Proyecto ASP_NET", "Proyecto ASP_NET\Proyecto ASP_NET.csproj", "{F21D814C-740F-4BBF-9EE8-C7FCFF8A2A04}"
EndProject
Global
	GlobalSection(SolutionConfigurationPlatforms) = preSolution
		Debug|Any CPU = Debug|Any CPU
		Release|Any CPU = Release|Any CPU
	EndGlobalSection
	GlobalSection(ProjectConfigurationPlatforms) = postSolution
		{F21D814C-740F-4BBF-9EE8-C7FCFF8A2A04}.Debug|Any CPU.ActiveCfg = Debug|Any CPU
		{F21D814C-740F-4BBF-9EE8-C7FCFF8A2A04}.Debug|Any CPU.Build.0 = Debug|Any CPU
		{F21D814C-740F-4BBF-9EE8-C7FCFF8A2A04}.Release|Any CPU.ActiveCfg = Release|Any CPU
		{F21D814C-740F-4BBF-9EE8-C7FCFF8A2A04}.Release|Any CPU.Build.0 = Release|Any CPU
	EndGlobalSection
	GlobalSection(SolutionProperties) = preSolution
		HideSolutionNode = FALSE
	EndGlobalSection
	GlobalSection(ExtensibilityGlobals) = postSolution
		SolutionGuid = {7C04BAC2-BBCF-4173-AFE0-88B31621DC9E}
	EndGlobalSection
EndGlobal
